// !$*UTF8*$!
{
	archiveVersion = 1;
	classes = {
	};
	objectVersion = 46;
	objects = {

/* Begin PBXBuildFile section */
		D053F98C1EB38072005FD9C6 /* main.m in Sources */ = {isa = PBXBuildFile; fileRef = D053F98B1EB38072005FD9C6 /* main.m */; };
		D053F9941EB38170005FD9C6 /* Analyser.m in Sources */ = {isa = PBXBuildFile; fileRef = D053F9931EB38170005FD9C6 /* Analyser.m */; };
/* End PBXBuildFile section */

/* Begin PBXCopyFilesBuildPhase section */
		D053F9861EB38072005FD9C6 /* CopyFiles */ = {
			isa = PBXCopyFilesBuildPhase;
			buildActionMask = 2147483647;
			dstPath = /usr/share/man/man1/;
			dstSubfolderSpec = 0;
			files = (
			);
			runOnlyForDeploymentPostprocessing = 1;
		};
/* End PBXCopyFilesBuildPhase section */

/* Begin PBXFileReference section */
		D053F9881EB38072005FD9C6 /* Task1 */ = {isa = PBXFileReference; explicitFileType = "compiled.mach-o.executable"; includeInIndex = 0; path = Task1; sourceTree = BUILT_PRODUCTS_DIR; };
		D053F98B1EB38072005FD9C6 /* main.m */ = {isa = PBXFileReference; lastKnownFileType = sourcecode.c.objc; path = main.m; sourceTree = "<group>"; };
		D053F9921EB38170005FD9C6 /* Analyser.h */ = {isa = PBXFileReference; fileEncoding = 4; lastKnownFileType = sourcecode.c.h; path = Analyser.h; sourceTree = "<group>"; };
		D053F9931EB38170005FD9C6 /* Analyser.m */ = {isa = PBXFileReference; fileEncoding = 4; lastKnownFileType = sourcecode.c.objc; path = Analyser.m; sourceTree = "<group>"; };
/* End PBXFileReference section */

/* Begin PBXFrameworksBuildPhase section */
		D053F9851EB38072005FD9C6 /* Frameworks */ = {
			isa = PBXFrameworksBuildPhase;
			buildActionMask = 2147483647;
			files = (
			);
			runOnlyForDeploymentPostprocessing = 0;
		};
/* End PBXFrameworksBuildPhase section */

/* Begin PBXGroup section */
		D053F97F1EB38072005FD9C6 = {
			isa = PBXGroup;
			children = (
				D053F98A1EB38072005FD9C6 /* Task1 */,
				D053F9891EB38072005FD9C6 /* Products */,
			);
			sourceTree = "<group>";
		};
		D053F9891EB38072005FD9C6 /* Products */ = {
			isa = PBXGroup;
			children = (
				D053F9881EB38072005FD9C6 /* Task1 */,
			);
			name = Products;
			sourceTree = "<group>";
		};
		D053F98A1EB38072005FD9C6 /* Task1 */ = {
			isa = PBXGroup;
			children = (
				D053F98B1EB38072005FD9C6 /* main.m */,
				D053F9921EB38170005FD9C6 /* Analyser.h */,
				D053F9931EB38170005FD9C6 /* Analyser.m */,
			);
			path = Task1;
			sourceTree = "<group>";
		};
/* End PBXGroup section */

/* Begin PBXNativeTarget section */
		D053F9871EB38072005FD9C6 /* Task1 */ = {
			isa = PBXNativeTarget;
			buildConfigurationList = D053F98F1EB38072005FD9C6 /* Build configuration list for PBXNativeTarget "Task1" */;
			buildPhases = (
				D053F9841EB38072005FD9C6 /* Sources */,
				D053F9851EB38072005FD9C6 /* Frameworks */,
				D053F9861EB38072005FD9C6 /* CopyFiles */,
			);
			buildRules = (
			);
			dependencies = (
			);
			name = Task1;
			productName = Task1;
			productReference = D053F9881EB38072005FD9C6 /* Task1 */;
			productType = "com.apple.product-type.tool";
		};
/* End PBXNativeTarget section */

/* Begin PBXProject section */
		D053F9801EB38072005FD9C6 /* Project object */ = {
			isa = PBXProject;
			attributes = {
				LastUpgradeCheck = 0620;
				ORGANIZATIONNAME = fpmi;
				TargetAttributes = {
					D053F9871EB38072005FD9C6 = {
						CreatedOnToolsVersion = 6.2;
					};
				};
			};
			buildConfigurationList = D053F9831EB38072005FD9C6 /* Build configuration list for PBXProject "Task1" */;
			compatibilityVersion = "Xcode 3.2";
			developmentRegion = English;
			hasScannedForEncodings = 0;
			knownRegions = (
				en,
			);
			mainGroup = D053F97F1EB38072005FD9C6;
			productRefGroup = D053F9891EB38072005FD9C6 /* Products */;
			projectDirPath = "";
			projectRoot = "";
			targets = (
				D053F9871EB38072005FD9C6 /* Task1 */,
			);
		};
/* End PBXProject section */

/* Begin PBXSourcesBuildPhase section */
		D053F9841EB38072005FD9C6 /* Sources */ = {
			isa = PBXSourcesBuildPhase;
			buildActionMask = 2147483647;
			files = (
				D053F9941EB38170005FD9C6 /* Analyser.m in Sources */,
				D053F98C1EB38072005FD9C6 /* main.m in Sources */,
			);
			runOnlyForDeploymentPostprocessing = 0;
		};
/* End PBXSourcesBuildPhase section */

/* Begin XCBuildConfiguration section */
		D053F98D1EB38072005FD9C6 /* Debug */ = {
			isa = XCBuildConfiguration;
			buildSettings = {
				ALWAYS_SEARCH_USER_PATHS = NO;
				CLANG_CXX_LANGUAGE_STANDARD = "gnu++0x";
				CLANG_CXX_LIBRARY = "libc++";
				CLANG_ENABLE_MODULES = YES;
				CLANG_ENABLE_OBJC_ARC = YES;
				CLANG_WARN_BOOL_CONVERSION = YES;
				CLANG_WARN_CONSTANT_CONVERSION = YES;
				CLANG_WARN_DIRECT_OBJC_ISA_USAGE = YES_ERROR;
				CLANG_WARN_EMPTY_BODY = YES;
				CLANG_WARN_ENUM_CONVERSION = YES;
				CLANG_WARN_INT_CONVERSION = YES;
				CLANG_WARN_OBJC_ROOT_CLASS = YES_ERROR;
				CLANG_WARN_UNREACHABLE_CODE = YES;
				CLANG_WARN__DUPLICATE_METHOD_MATCH = YES;
				COPY_PHASE_STRIP = NO;
				ENABLE_STRICT_OBJC_MSGSEND = YES;
				GCC_C_LANGUAGE_STANDARD = gnu99;
				GCC_DYNAMIC_NO_PIC = NO;
				GCC_OPTIMIZATION_LEVEL = 0;
				GCC_PREPROCESSOR_DEFINITIONS = (
					"DEBUG=1",
					"$(inherited)",
				);
				GCC_SYMBOLS_PRIVATE_EXTERN = NO;
				GCC_WARN_64_TO_32_BIT_CONVERSION = YES;
				GCC_WARN_ABOUT_RETURN_TYPE = YES_ERROR;
				GCC_WARN_UNDECLARED_SELECTOR = YES;
				GCC_WARN_UNINITIALIZED_AUTOS = YES_AGGRESSIVE;
				GCC_WARN_UNUSED_FUNCTION = YES;
				GCC_WARN_UNUSED_VARIABLE = YES;
				MACOSX_DEPLOYMENT_TARGET = 10.10;
				MTL_ENABLE_DEBUG_INFO = YES;
				ONLY_ACTIVE_ARCH = YES;
				SDKROOT = macosx;
			};
			name = Debug;
		};
		D053F98E1EB38072005FD9C6 /* Release */ = {
			isa = XCBuildConfiguration;
			buildSettings = {
				ALWAYS_SEARCH_USER_PATHS = NO;
				CLANG_CXX_LANGUAGE_STANDARD = "gnu++0x";
				CLANG_CXX_LIBRARY = "libc++";
				CLANG_ENABLE_MODULES = YES;
				CLANG_ENABLE_OBJC_ARC = YES;
				CLANG_WARN_BOOL_CONVERSION = YES;
				CLANG_WARN_CONSTANT_CONVERSION = YES;
				CLANG_WARN_DIRECT_OBJC_ISA_USAGE = YES_ERROR;
				CLANG_WARN_EMPTY_BODY = YES;
				CLANG_WARN_ENUM_CONVERSION = YES;
				CLANG_WARN_INT_CONVERSION = YES;
				CLANG_WARN_OBJC_ROOT_CLASS = YES_ERROR;
				CLANG_WARN_UNREACHABLE_CODE = YES;
				CLANG_WARN__DUPLICATE_METHOD_MATCH = YES;
				COPY_PHASE_STRIP = NO;
				DEBUG_INFORMATION_FORMAT = "dwarf-with-dsym";
				ENABLE_NS_ASSERTIONS = NO;
				ENABLE_STRICT_OBJC_MSGSEND = YES;
				GCC_C_LANGUAGE_STANDARD = gnu99;
				GCC_WARN_64_TO_32_BIT_CONVERSION = YES;
				GCC_WARN_ABOUT_RETURN_TYPE = YES_ERROR;
				GCC_WARN_UNDECLARED_SELECTOR = YES;
				GCC_WARN_UNINITIALIZED_AUTOS = YES_AGGRESSIVE;
				GCC_WARN_UNUSED_FUNCTION = YES;
				GCC_WARN_UNUSED_VARIABLE = YES;
				MACOSX_DEPLOYMENT_TARGET = 10.10;
				MTL_ENABLE_DEBUG_INFO = NO;
				SDKROOT = macosx;
			};
			name = Release;
		};
		D053F9901EB38072005FD9C6 /* Debug */ = {
			isa = XCBuildConfiguration;
			buildSettings = {
				PRODUCT_NAME = "$(TARGET_NAME)";
			};
			name = Debug;
		};
		D053F9911EB38072005FD9C6 /* Release */ = {
			isa = XCBuildConfiguration;
			buildSettings = {
				PRODUCT_NAME = "$(TARGET_NAME)";
			};
			name = Release;
		};
/* End XCBuildConfiguration section */

/* Begin XCConfigurationList section */
		D053F9831EB38072005FD9C6 /* Build configuration list for PBXProject "Task1" */ = {
			isa = XCConfigurationList;
			buildConfigurations = (
				D053F98D1EB38072005FD9C6 /* Debug */,
				D053F98E1EB38072005FD9C6 /* Release */,
			);
			defaultConfigurationIsVisible = 0;
			defaultConfigurationName = Release;
		};
		D053F98F1EB38072005FD9C6 /* Build configuration list for PBXNativeTarget "Task1" */ = {
			isa = XCConfigurationList;
			buildConfigurations = (
				D053F9901EB38072005FD9C6 /* Debug */,
				D053F9911EB38072005FD9C6 /* Release */,
			);
			defaultConfigurationIsVisible = 0;
		};
/* End XCConfigurationList section */
	};
	rootObject = D053F9801EB38072005FD9C6 /* Project object */;
}
